# THIS IS AN AUTOGENERATED FILE. DO NOT EDIT THIS FILE DIRECTLY.
# yarn lockfile v1


"@hookform/resolvers@^2.8.8":
  version "2.8.8"
  resolved "https://registry.yarnpkg.com/@hookform/resolvers/-/resolvers-2.8.8.tgz#17cf806485435877fdafce9f3bee6ff68f7f87b6"
  integrity sha512-meAEDur1IJBfKyTo9yPYAuzjIfrxA7m9Ov+1nxaW/YupsqMeseWifoUjWK03+hz/RJizsVQAaUjVxFEkyu0GWg==

"@types/prop-types@*":
  version "15.7.5"
  resolved "https://registry.yarnpkg.com/@types/prop-types/-/prop-types-15.7.5.tgz#5f19d2b85a98e9558036f6a3cacc8819420f05cf"
  integrity sha512-JCB8C6SnDoQf0cNycqd/35A7MjcnK+ZTqE7judS6o7utxUCg6imJg3QK2qzHKszlTjcj2cn+NwMB2i96ubpj7w==

"@types/react@^18.0.9":
  version "18.0.9"
  resolved "https://registry.yarnpkg.com/@types/react/-/react-18.0.9.tgz#d6712a38bd6cd83469603e7359511126f122e878"
  integrity sha512-9bjbg1hJHUm4De19L1cHiW0Jvx3geel6Qczhjd0qY5VKVE2X5+x77YxAepuCwVh4vrgZJdgEJw48zrhRIeF4Nw==
  dependencies:
    "@types/prop-types" "*"
    "@types/scheduler" "*"
    csstype "^3.0.2"

"@types/scheduler@*":
  version "0.16.2"
  resolved "https://registry.yarnpkg.com/@types/scheduler/-/scheduler-0.16.2.tgz#1a62f89525723dde24ba1b01b092bf5df8ad4d39"
  integrity sha512-hppQEBDmlwhFAXKJX2KnWLYu5yMfi91yazPb2l+lbJiwW+wdo1gNeRA+3RgNSO39WYX2euey41KEwnqesU2Jew==

csstype@^3.0.2:
  version "3.0.11"
  resolved "https://registry.yarnpkg.com/csstype/-/csstype-3.0.11.tgz#d66700c5eacfac1940deb4e3ee5642792d85cd33"
  integrity sha512-sa6P2wJ+CAbgyy4KFssIb/JNMLxFvKF1pCYCSXS8ZMuqZnMsrxqI2E5sPyoTpxoPU/gVZMzr2zjOfg8GIZOMsw==

nanoid@^3.3.4:
  version "3.3.4"
  resolved "https://registry.yarnpkg.com/nanoid/-/nanoid-3.3.4.tgz#730b67e3cd09e2deacf03c027c81c9d9dbc5e8ab"
  integrity sha512-MqBkQh/OHTS2egovRtLk45wEyNXwF+cokD+1YPf9u5VfJiRdAiRwB2froX5Co9Rh20xs4siNPm8naNotSD6RBw==

react-hook-form@^7.30.0:
  version "7.30.0"
  resolved "https://registry.yarnpkg.com/react-hook-form/-/react-hook-form-7.30.0.tgz#c9e2fd54d3627e43bd94bf38ef549df2e80c1371"
  integrity sha512-DzjiM6o2vtDGNMB9I4yCqW8J21P314SboNG1O0obROkbg7KVS0I7bMtwSdKyapnCPjHgnxc3L7E5PEdISeEUcQ==

superstruct@^0.15.4:
  version "0.15.4"
  resolved "https://registry.yarnpkg.com/superstruct/-/superstruct-0.15.4.tgz#e3381dd84ca07e704e19f69eda74eee1a5efb1f9"
  integrity sha512-eOoMeSbP9ZJChNOm/9RYjE+F36rYR966AAqeG3xhQB02j2sfAUXDp4EQ/7bAOqnlJnuFDB8yvOu50SocvKpUEw==

ts-toolbelt@^9.6.0:
  version "9.6.0"
  resolved "https://registry.yarnpkg.com/ts-toolbelt/-/ts-toolbelt-9.6.0.tgz#50a25426cfed500d4a09bd1b3afb6f28879edfd5"
  integrity sha512-nsZd8ZeNUzukXPlJmTBwUAuABDe/9qtVDelJeT/qW0ow3ZS3BsQJtNkan1802aM9Uf68/Y8ljw86Hu0h5IUW3w==
